
Microsoft Visual Studio Solution File, Format Version 12.00
# Visual Studio Version 16
VisualStudioVersion = 16.0.30011.22
MinimumVisualStudioVersion = 10.0.40219.1
Project("{888888A0-9F3D-457C-B088-3A5042F75D52}") = "names2", "names2\names2.pyproj", "{E3615814-89AE-4D9F-99A5-68A825EFF702}"
EndProject
Global
	GlobalSection(SolutionConfigurationPlatforms) = preSolution
		Debug|Any CPU = Debug|Any CPU
		Release|Any CPU = Release|Any CPU
	EndGlobalSection
	GlobalSection(ProjectConfigurationPlatforms) = postSolution
		{E3615814-89AE-4D9F-99A5-68A825EFF702}.Debug|Any CPU.ActiveCfg = Debug|Any CPU
		{E3615814-89AE-4D9F-99A5-68A825EFF702}.Release|Any CPU.ActiveCfg = Release|Any CPU
	EndGlobalSection
	GlobalSection(SolutionProperties) = preSolution
		HideSolutionNode = FALSE
	EndGlobalSection
	GlobalSection(ExtensibilityGlobals) = postSolution
		SolutionGuid = {841B56E0-6EB4-45DB-9030-4E94D52B803D}
	EndGlobalSection
EndGlobal
